// !$*UTF8*$!
{
	archiveVersion = 1;
	classes = {
	};
	objectVersion = 63;
	objects = {

/* Begin PBXBuildFile section */
		2470752C2BD59F23008B0C37 /* SearchPage.swift in Sources */ = {isa = PBXBuildFile; fileRef = 2470752B2BD59F23008B0C37 /* SearchPage.swift */; };
		2470752E2BD59F92008B0C37 /* NotificationPage.swift in Sources */ = {isa = PBXBuildFile; fileRef = 2470752D2BD59F92008B0C37 /* NotificationPage.swift */; };
		247075302BD59FAE008B0C37 /* LoginView.swift in Sources */ = {isa = PBXBuildFile; fileRef = 2470752F2BD59FAE008B0C37 /* LoginView.swift */; };
		247075322BD59FBF008B0C37 /* ProfileView.swift in Sources */ = {isa = PBXBuildFile; fileRef = 247075312BD59FBF008B0C37 /* ProfileView.swift */; };
		247075342BD5A049008B0C37 /* GoogleService-Info.plist in Resources */ = {isa = PBXBuildFile; fileRef = 247075332BD5A049008B0C37 /* GoogleService-Info.plist */; };
		247075382BD5A15C008B0C37 /* Exo2-Bold.otf in Resources */ = {isa = PBXBuildFile; fileRef = 247075352BD5A15B008B0C37 /* Exo2-Bold.otf */; };
		247075392BD5A15C008B0C37 /* Lato-Regular.ttf in Resources */ = {isa = PBXBuildFile; fileRef = 247075362BD5A15C008B0C37 /* Lato-Regular.ttf */; };
		2470753A2BD5A15C008B0C37 /* Roboto-Regular.ttf in Resources */ = {isa = PBXBuildFile; fileRef = 247075372BD5A15C008B0C37 /* Roboto-Regular.ttf */; };
		2470753C2BD5A894008B0C37 /* SignUpView.swift in Sources */ = {isa = PBXBuildFile; fileRef = 2470753B2BD5A894008B0C37 /* SignUpView.swift */; };
		24907F202C11F3C5002B72B1 /* sampleProfile.swift in Sources */ = {isa = PBXBuildFile; fileRef = 24907F1F2C11F3C5002B72B1 /* sampleProfile.swift */; };
		24907F222C139A56002B72B1 /* FirebaseAnalytics in Frameworks */ = {isa = PBXBuildFile; productRef = 24907F212C139A56002B72B1 /* FirebaseAnalytics */; };
		24907F242C139A56002B72B1 /* FirebaseAnalyticsOnDeviceConversion in Frameworks */ = {isa = PBXBuildFile; productRef = 24907F232C139A56002B72B1 /* FirebaseAnalyticsOnDeviceConversion */; };
		24907F262C139A56002B72B1 /* FirebaseAnalyticsSwift in Frameworks */ = {isa = PBXBuildFile; productRef = 24907F252C139A56002B72B1 /* FirebaseAnalyticsSwift */; };
		24907F282C139A56002B72B1 /* FirebaseAnalyticsWithoutAdIdSupport in Frameworks */ = {isa = PBXBuildFile; productRef = 24907F272C139A56002B72B1 /* FirebaseAnalyticsWithoutAdIdSupport */; };
		24907F2A2C139A56002B72B1 /* FirebaseAppCheck in Frameworks */ = {isa = PBXBuildFile; productRef = 24907F292C139A56002B72B1 /* FirebaseAppCheck */; };
		24907F2C2C139A56002B72B1 /* FirebaseAppDistribution-Beta in Frameworks */ = {isa = PBXBuildFile; productRef = 24907F2B2C139A56002B72B1 /* FirebaseAppDistribution-Beta */; };
		24907F2E2C139A56002B72B1 /* FirebaseAuth in Frameworks */ = {isa = PBXBuildFile; productRef = 24907F2D2C139A56002B72B1 /* FirebaseAuth */; };
		24907F302C139A56002B72B1 /* FirebaseAuthCombine-Community in Frameworks */ = {isa = PBXBuildFile; productRef = 24907F2F2C139A56002B72B1 /* FirebaseAuthCombine-Community */; };
		24907F322C139A56002B72B1 /* FirebaseCrashlytics in Frameworks */ = {isa = PBXBuildFile; productRef = 24907F312C139A56002B72B1 /* FirebaseCrashlytics */; };
		24907F342C139A56002B72B1 /* FirebaseDatabase in Frameworks */ = {isa = PBXBuildFile; productRef = 24907F332C139A56002B72B1 /* FirebaseDatabase */; };
		24907F362C139A56002B72B1 /* FirebaseDatabaseSwift in Frameworks */ = {isa = PBXBuildFile; productRef = 24907F352C139A56002B72B1 /* FirebaseDatabaseSwift */; };
		24907F382C139A56002B72B1 /* FirebaseDynamicLinks in Frameworks */ = {isa = PBXBuildFile; productRef = 24907F372C139A56002B72B1 /* FirebaseDynamicLinks */; };
		24907F3A2C139A56002B72B1 /* FirebaseFirestore in Frameworks */ = {isa = PBXBuildFile; productRef = 24907F392C139A56002B72B1 /* FirebaseFirestore */; };
		24907F3C2C139A56002B72B1 /* FirebaseFirestoreCombine-Community in Frameworks */ = {isa = PBXBuildFile; productRef = 24907F3B2C139A56002B72B1 /* FirebaseFirestoreCombine-Community */; };
		24907F3E2C139A56002B72B1 /* FirebaseFirestoreSwift in Frameworks */ = {isa = PBXBuildFile; productRef = 24907F3D2C139A56002B72B1 /* FirebaseFirestoreSwift */; };
		24907F402C139A56002B72B1 /* FirebaseFunctions in Frameworks */ = {isa = PBXBuildFile; productRef = 24907F3F2C139A56002B72B1 /* FirebaseFunctions */; };
		24907F422C139A56002B72B1 /* FirebaseFunctionsCombine-Community in Frameworks */ = {isa = PBXBuildFile; productRef = 24907F412C139A56002B72B1 /* FirebaseFunctionsCombine-Community */; };
		24907F442C139A56002B72B1 /* FirebaseInAppMessaging-Beta in Frameworks */ = {isa = PBXBuildFile; productRef = 24907F432C139A56002B72B1 /* FirebaseInAppMessaging-Beta */; };
		24907F462C139A56002B72B1 /* FirebaseInAppMessagingSwift-Beta in Frameworks */ = {isa = PBXBuildFile; productRef = 24907F452C139A56002B72B1 /* FirebaseInAppMessagingSwift-Beta */; };
		24907F482C139A56002B72B1 /* FirebaseInstallations in Frameworks */ = {isa = PBXBuildFile; productRef = 24907F472C139A56002B72B1 /* FirebaseInstallations */; };
		24907F4A2C139A56002B72B1 /* FirebaseMLModelDownloader in Frameworks */ = {isa = PBXBuildFile; productRef = 24907F492C139A56002B72B1 /* FirebaseMLModelDownloader */; };
		24907F4C2C139A56002B72B1 /* FirebaseMessaging in Frameworks */ = {isa = PBXBuildFile; productRef = 24907F4B2C139A56002B72B1 /* FirebaseMessaging */; };
		24907F4E2C139A56002B72B1 /* FirebasePerformance in Frameworks */ = {isa = PBXBuildFile; productRef = 24907F4D2C139A56002B72B1 /* FirebasePerformance */; };
		24907F502C139A56002B72B1 /* FirebaseRemoteConfig in Frameworks */ = {isa = PBXBuildFile; productRef = 24907F4F2C139A56002B72B1 /* FirebaseRemoteConfig */; };
		24907F522C139A56002B72B1 /* FirebaseRemoteConfigSwift in Frameworks */ = {isa = PBXBuildFile; productRef = 24907F512C139A56002B72B1 /* FirebaseRemoteConfigSwift */; };
		24907F542C139A56002B72B1 /* FirebaseStorage in Frameworks */ = {isa = PBXBuildFile; productRef = 24907F532C139A56002B72B1 /* FirebaseStorage */; };
		24907F562C139A56002B72B1 /* FirebaseStorageCombine-Community in Frameworks */ = {isa = PBXBuildFile; productRef = 24907F552C139A56002B72B1 /* FirebaseStorageCombine-Community */; };
		830ABDB52BCD549900FDF5F0 /* MusemApp.swift in Sources */ = {isa = PBXBuildFile; fileRef = 830ABDB42BCD549900FDF5F0 /* MusemApp.swift */; };
		830ABDB72BCD549900FDF5F0 /* ContentView.swift in Sources */ = {isa = PBXBuildFile; fileRef = 830ABDB62BCD549900FDF5F0 /* ContentView.swift */; };
		830ABDB92BCD549E00FDF5F0 /* Assets.xcassets in Resources */ = {isa = PBXBuildFile; fileRef = 830ABDB82BCD549E00FDF5F0 /* Assets.xcassets */; };
		830ABDBC2BCD549E00FDF5F0 /* Preview Assets.xcassets in Resources */ = {isa = PBXBuildFile; fileRef = 830ABDBB2BCD549E00FDF5F0 /* Preview Assets.xcassets */; };
		830ABDC52BCD55E500FDF5F0 /* HomePage.swift in Sources */ = {isa = PBXBuildFile; fileRef = 830ABDC42BCD55E500FDF5F0 /* HomePage.swift */; };
/* End PBXBuildFile section */

/* Begin PBXFileReference section */
		2470752B2BD59F23008B0C37 /* SearchPage.swift */ = {isa = PBXFileReference; lastKnownFileType = sourcecode.swift; path = SearchPage.swift; sourceTree = "<group>"; };
		2470752D2BD59F92008B0C37 /* NotificationPage.swift */ = {isa = PBXFileReference; lastKnownFileType = sourcecode.swift; path = NotificationPage.swift; sourceTree = "<group>"; };
		2470752F2BD59FAE008B0C37 /* LoginView.swift */ = {isa = PBXFileReference; lastKnownFileType = sourcecode.swift; path = LoginView.swift; sourceTree = "<group>"; };
		247075312BD59FBF008B0C37 /* ProfileView.swift */ = {isa = PBXFileReference; lastKnownFileType = sourcecode.swift; path = ProfileView.swift; sourceTree = "<group>"; };
		247075332BD5A049008B0C37 /* GoogleService-Info.plist */ = {isa = PBXFileReference; fileEncoding = 4; lastKnownFileType = text.plist.xml; name = "GoogleService-Info.plist"; path = "../../../Downloads/GoogleService-Info.plist"; sourceTree = "<group>"; };
		247075352BD5A15B008B0C37 /* Exo2-Bold.otf */ = {isa = PBXFileReference; lastKnownFileType = file; path = "Exo2-Bold.otf"; sourceTree = "<group>"; };
		247075362BD5A15C008B0C37 /* Lato-Regular.ttf */ = {isa = PBXFileReference; lastKnownFileType = file; path = "Lato-Regular.ttf"; sourceTree = "<group>"; };
		247075372BD5A15C008B0C37 /* Roboto-Regular.ttf */ = {isa = PBXFileReference; lastKnownFileType = file; path = "Roboto-Regular.ttf"; sourceTree = "<group>"; };
		2470753B2BD5A894008B0C37 /* SignUpView.swift */ = {isa = PBXFileReference; lastKnownFileType = sourcecode.swift; path = SignUpView.swift; sourceTree = "<group>"; };
		2470753D2BD5ABB8008B0C37 /* Info.plist */ = {isa = PBXFileReference; lastKnownFileType = text.plist; path = Info.plist; sourceTree = "<group>"; };
		24907F1F2C11F3C5002B72B1 /* sampleProfile.swift */ = {isa = PBXFileReference; lastKnownFileType = sourcecode.swift; path = sampleProfile.swift; sourceTree = "<group>"; };
		830ABDB12BCD549900FDF5F0 /* Musem.app */ = {isa = PBXFileReference; explicitFileType = wrapper.application; includeInIndex = 0; path = Musem.app; sourceTree = BUILT_PRODUCTS_DIR; };
		830ABDB42BCD549900FDF5F0 /* MusemApp.swift */ = {isa = PBXFileReference; lastKnownFileType = sourcecode.swift; path = MusemApp.swift; sourceTree = "<group>"; };
		830ABDB62BCD549900FDF5F0 /* ContentView.swift */ = {isa = PBXFileReference; lastKnownFileType = sourcecode.swift; path = ContentView.swift; sourceTree = "<group>"; };
		830ABDB82BCD549E00FDF5F0 /* Assets.xcassets */ = {isa = PBXFileReference; lastKnownFileType = folder.assetcatalog; path = Assets.xcassets; sourceTree = "<group>"; };
		830ABDBB2BCD549E00FDF5F0 /* Preview Assets.xcassets */ = {isa = PBXFileReference; lastKnownFileType = folder.assetcatalog; path = "Preview Assets.xcassets"; sourceTree = "<group>"; };
		830ABDC42BCD55E500FDF5F0 /* HomePage.swift */ = {isa = PBXFileReference; lastKnownFileType = sourcecode.swift; path = HomePage.swift; sourceTree = "<group>"; };
/* End PBXFileReference section */

/* Begin PBXFrameworksBuildPhase section */
		830ABDAE2BCD549900FDF5F0 /* Frameworks */ = {
			isa = PBXFrameworksBuildPhase;
			buildActionMask = 2147483647;
			files = (
				24907F342C139A56002B72B1 /* FirebaseDatabase in Frameworks */,
				24907F422C139A56002B72B1 /* FirebaseFunctionsCombine-Community in Frameworks */,
				24907F3A2C139A56002B72B1 /* FirebaseFirestore in Frameworks */,
				24907F262C139A56002B72B1 /* FirebaseAnalyticsSwift in Frameworks */,
				24907F222C139A56002B72B1 /* FirebaseAnalytics in Frameworks */,
				24907F242C139A56002B72B1 /* FirebaseAnalyticsOnDeviceConversion in Frameworks */,
				24907F4A2C139A56002B72B1 /* FirebaseMLModelDownloader in Frameworks */,
				24907F3E2C139A56002B72B1 /* FirebaseFirestoreSwift in Frameworks */,
				24907F2A2C139A56002B72B1 /* FirebaseAppCheck in Frameworks */,
				24907F282C139A56002B72B1 /* FirebaseAnalyticsWithoutAdIdSupport in Frameworks */,
				24907F2E2C139A56002B72B1 /* FirebaseAuth in Frameworks */,
				24907F322C139A56002B72B1 /* FirebaseCrashlytics in Frameworks */,
				24907F522C139A56002B72B1 /* FirebaseRemoteConfigSwift in Frameworks */,
				24907F442C139A56002B72B1 /* FirebaseInAppMessaging-Beta in Frameworks */,
				24907F362C139A56002B72B1 /* FirebaseDatabaseSwift in Frameworks */,
				24907F402C139A56002B72B1 /* FirebaseFunctions in Frameworks */,
				24907F562C139A56002B72B1 /* FirebaseStorageCombine-Community in Frameworks */,
				24907F502C139A56002B72B1 /* FirebaseRemoteConfig in Frameworks */,
				24907F2C2C139A56002B72B1 /* FirebaseAppDistribution-Beta in Frameworks */,
				24907F302C139A56002B72B1 /* FirebaseAuthCombine-Community in Frameworks */,
				24907F4E2C139A56002B72B1 /* FirebasePerformance in Frameworks */,
				24907F462C139A56002B72B1 /* FirebaseInAppMessagingSwift-Beta in Frameworks */,
				24907F542C139A56002B72B1 /* FirebaseStorage in Frameworks */,
				24907F382C139A56002B72B1 /* FirebaseDynamicLinks in Frameworks */,
				24907F3C2C139A56002B72B1 /* FirebaseFirestoreCombine-Community in Frameworks */,
				24907F4C2C139A56002B72B1 /* FirebaseMessaging in Frameworks */,
				24907F482C139A56002B72B1 /* FirebaseInstallations in Frameworks */,
			);
			runOnlyForDeploymentPostprocessing = 0;
		};
/* End PBXFrameworksBuildPhase section */

/* Begin PBXGroup section */
		830ABDA82BCD549900FDF5F0 = {
			isa = PBXGroup;
			children = (
				830ABDB32BCD549900FDF5F0 /* Musem */,
				830ABDB22BCD549900FDF5F0 /* Products */,
			);
			sourceTree = "<group>";
		};
		830ABDB22BCD549900FDF5F0 /* Products */ = {
			isa = PBXGroup;
			children = (
				830ABDB12BCD549900FDF5F0 /* Musem.app */,
			);
			name = Products;
			sourceTree = "<group>";
		};
		830ABDB32BCD549900FDF5F0 /* Musem */ = {
			isa = PBXGroup;
			children = (
				2470753D2BD5ABB8008B0C37 /* Info.plist */,
				830ABDB42BCD549900FDF5F0 /* MusemApp.swift */,
				2470753B2BD5A894008B0C37 /* SignUpView.swift */,
				830ABDB62BCD549900FDF5F0 /* ContentView.swift */,
				2470752D2BD59F92008B0C37 /* NotificationPage.swift */,
				2470752F2BD59FAE008B0C37 /* LoginView.swift */,
				247075312BD59FBF008B0C37 /* ProfileView.swift */,
				24907F1F2C11F3C5002B72B1 /* sampleProfile.swift */,
				2470752B2BD59F23008B0C37 /* SearchPage.swift */,
				830ABDC42BCD55E500FDF5F0 /* HomePage.swift */,
				830ABDB82BCD549E00FDF5F0 /* Assets.xcassets */,
				247075332BD5A049008B0C37 /* GoogleService-Info.plist */,
				247075352BD5A15B008B0C37 /* Exo2-Bold.otf */,
				247075362BD5A15C008B0C37 /* Lato-Regular.ttf */,
				247075372BD5A15C008B0C37 /* Roboto-Regular.ttf */,
				830ABDBA2BCD549E00FDF5F0 /* Preview Content */,
			);
			path = Musem;
			sourceTree = "<group>";
		};
		830ABDBA2BCD549E00FDF5F0 /* Preview Content */ = {
			isa = PBXGroup;
			children = (
				830ABDBB2BCD549E00FDF5F0 /* Preview Assets.xcassets */,
			);
			path = "Preview Content";
			sourceTree = "<group>";
		};
/* End PBXGroup section */

/* Begin PBXNativeTarget section */
		830ABDB02BCD549900FDF5F0 /* Musem */ = {
			isa = PBXNativeTarget;
			buildConfigurationList = 830ABDBF2BCD549E00FDF5F0 /* Build configuration list for PBXNativeTarget "Musem" */;
			buildPhases = (
				830ABDAD2BCD549900FDF5F0 /* Sources */,
				830ABDAE2BCD549900FDF5F0 /* Frameworks */,
				830ABDAF2BCD549900FDF5F0 /* Resources */,
			);
			buildRules = (
			);
			dependencies = (
			);
			name = Musem;
			packageProductDependencies = (
				24907F212C139A56002B72B1 /* FirebaseAnalytics */,
				24907F232C139A56002B72B1 /* FirebaseAnalyticsOnDeviceConversion */,
				24907F252C139A56002B72B1 /* FirebaseAnalyticsSwift */,
				24907F272C139A56002B72B1 /* FirebaseAnalyticsWithoutAdIdSupport */,
				24907F292C139A56002B72B1 /* FirebaseAppCheck */,
				24907F2B2C139A56002B72B1 /* FirebaseAppDistribution-Beta */,
				24907F2D2C139A56002B72B1 /* FirebaseAuth */,
				24907F2F2C139A56002B72B1 /* FirebaseAuthCombine-Community */,
				24907F312C139A56002B72B1 /* FirebaseCrashlytics */,
				24907F332C139A56002B72B1 /* FirebaseDatabase */,
				24907F352C139A56002B72B1 /* FirebaseDatabaseSwift */,
				24907F372C139A56002B72B1 /* FirebaseDynamicLinks */,
				24907F392C139A56002B72B1 /* FirebaseFirestore */,
				24907F3B2C139A56002B72B1 /* FirebaseFirestoreCombine-Community */,
				24907F3D2C139A56002B72B1 /* FirebaseFirestoreSwift */,
				24907F3F2C139A56002B72B1 /* FirebaseFunctions */,
				24907F412C139A56002B72B1 /* FirebaseFunctionsCombine-Community */,
				24907F432C139A56002B72B1 /* FirebaseInAppMessaging-Beta */,
				24907F452C139A56002B72B1 /* FirebaseInAppMessagingSwift-Beta */,
				24907F472C139A56002B72B1 /* FirebaseInstallations */,
				24907F492C139A56002B72B1 /* FirebaseMLModelDownloader */,
				24907F4B2C139A56002B72B1 /* FirebaseMessaging */,
				24907F4D2C139A56002B72B1 /* FirebasePerformance */,
				24907F4F2C139A56002B72B1 /* FirebaseRemoteConfig */,
				24907F512C139A56002B72B1 /* FirebaseRemoteConfigSwift */,
				24907F532C139A56002B72B1 /* FirebaseStorage */,
				24907F552C139A56002B72B1 /* FirebaseStorageCombine-Community */,
			);
			productName = Musem;
			productReference = 830ABDB12BCD549900FDF5F0 /* Musem.app */;
			productType = "com.apple.product-type.application";
		};
/* End PBXNativeTarget section */

/* Begin PBXProject section */
		830ABDA92BCD549900FDF5F0 /* Project object */ = {
			isa = PBXProject;
			attributes = {
				BuildIndependentTargetsInParallel = 1;
				LastSwiftUpdateCheck = 1530;
				LastUpgradeCheck = 1530;
				TargetAttributes = {
					830ABDB02BCD549900FDF5F0 = {
						CreatedOnToolsVersion = 15.3;
					};
				};
			};
			buildConfigurationList = 830ABDAC2BCD549900FDF5F0 /* Build configuration list for PBXProject "Musem" */;
			compatibilityVersion = "Xcode 15.3";
			developmentRegion = en;
			hasScannedForEncodings = 0;
			knownRegions = (
				en,
				Base,
			);
			mainGroup = 830ABDA82BCD549900FDF5F0;
			packageReferences = (
				247074F42BD59EE8008B0C37 /* XCRemoteSwiftPackageReference "firebase-ios-sdk" */,
			);
			productRefGroup = 830ABDB22BCD549900FDF5F0 /* Products */;
			projectDirPath = "";
			projectRoot = "";
			targets = (
				830ABDB02BCD549900FDF5F0 /* Musem */,
			);
		};
/* End PBXProject section */

/* Begin PBXResourcesBuildPhase section */
		830ABDAF2BCD549900FDF5F0 /* Resources */ = {
			isa = PBXResourcesBuildPhase;
			buildActionMask = 2147483647;
			files = (
				2470753A2BD5A15C008B0C37 /* Roboto-Regular.ttf in Resources */,
				247075382BD5A15C008B0C37 /* Exo2-Bold.otf in Resources */,
				830ABDBC2BCD549E00FDF5F0 /* Preview Assets.xcassets in Resources */,
				247075392BD5A15C008B0C37 /* Lato-Regular.ttf in Resources */,
				830ABDB92BCD549E00FDF5F0 /* Assets.xcassets in Resources */,
				247075342BD5A049008B0C37 /* GoogleService-Info.plist in Resources */,
			);
			runOnlyForDeploymentPostprocessing = 0;
		};
/* End PBXResourcesBuildPhase section */

/* Begin PBXSourcesBuildPhase section */
		830ABDAD2BCD549900FDF5F0 /* Sources */ = {
			isa = PBXSourcesBuildPhase;
			buildActionMask = 2147483647;
			files = (
				247075302BD59FAE008B0C37 /* LoginView.swift in Sources */,
				2470752E2BD59F92008B0C37 /* NotificationPage.swift in Sources */,
				830ABDB72BCD549900FDF5F0 /* ContentView.swift in Sources */,
				830ABDB52BCD549900FDF5F0 /* MusemApp.swift in Sources */,
				2470753C2BD5A894008B0C37 /* SignUpView.swift in Sources */,
				2470752C2BD59F23008B0C37 /* SearchPage.swift in Sources */,
				247075322BD59FBF008B0C37 /* ProfileView.swift in Sources */,
				24907F202C11F3C5002B72B1 /* sampleProfile.swift in Sources */,
				830ABDC52BCD55E500FDF5F0 /* HomePage.swift in Sources */,
			);
			runOnlyForDeploymentPostprocessing = 0;
		};
/* End PBXSourcesBuildPhase section */

/* Begin XCBuildConfiguration section */
		830ABDBD2BCD549E00FDF5F0 /* Debug */ = {
			isa = XCBuildConfiguration;
			buildSettings = {
				ALWAYS_SEARCH_USER_PATHS = NO;
				ASSETCATALOG_COMPILER_GENERATE_SWIFT_ASSET_SYMBOL_EXTENSIONS = YES;
				CLANG_ANALYZER_NONNULL = YES;
				CLANG_ANALYZER_NUMBER_OBJECT_CONVERSION = YES_AGGRESSIVE;
				CLANG_CXX_LANGUAGE_STANDARD = "gnu++20";
				CLANG_ENABLE_MODULES = YES;
				CLANG_ENABLE_OBJC_ARC = YES;
				CLANG_ENABLE_OBJC_WEAK = YES;
				CLANG_WARN_BLOCK_CAPTURE_AUTORELEASING = YES;
				CLANG_WARN_BOOL_CONVERSION = YES;
				CLANG_WARN_COMMA = YES;
				CLANG_WARN_CONSTANT_CONVERSION = YES;
				CLANG_WARN_DEPRECATED_OBJC_IMPLEMENTATIONS = YES;
				CLANG_WARN_DIRECT_OBJC_ISA_USAGE = YES_ERROR;
				CLANG_WARN_DOCUMENTATION_COMMENTS = YES;
				CLANG_WARN_EMPTY_BODY = YES;
				CLANG_WARN_ENUM_CONVERSION = YES;
				CLANG_WARN_INFINITE_RECURSION = YES;
				CLANG_WARN_INT_CONVERSION = YES;
				CLANG_WARN_NON_LITERAL_NULL_CONVERSION = YES;
				CLANG_WARN_OBJC_IMPLICIT_RETAIN_SELF = YES;
				CLANG_WARN_OBJC_LITERAL_CONVERSION = YES;
				CLANG_WARN_OBJC_ROOT_CLASS = YES_ERROR;
				CLANG_WARN_QUOTED_INCLUDE_IN_FRAMEWORK_HEADER = YES;
				CLANG_WARN_RANGE_LOOP_ANALYSIS = YES;
				CLANG_WARN_STRICT_PROTOTYPES = YES;
				CLANG_WARN_SUSPICIOUS_MOVE = YES;
				CLANG_WARN_UNGUARDED_AVAILABILITY = YES_AGGRESSIVE;
				CLANG_WARN_UNREACHABLE_CODE = YES;
				CLANG_WARN__DUPLICATE_METHOD_MATCH = YES;
				COPY_PHASE_STRIP = NO;
				DEBUG_INFORMATION_FORMAT = dwarf;
				ENABLE_STRICT_OBJC_MSGSEND = YES;
				ENABLE_TESTABILITY = YES;
				ENABLE_USER_SCRIPT_SANDBOXING = YES;
				GCC_C_LANGUAGE_STANDARD = gnu17;
				GCC_DYNAMIC_NO_PIC = NO;
				GCC_NO_COMMON_BLOCKS = YES;
				GCC_OPTIMIZATION_LEVEL = 0;
				GCC_PREPROCESSOR_DEFINITIONS = (
					"DEBUG=1",
					"$(inherited)",
				);
				GCC_WARN_64_TO_32_BIT_CONVERSION = YES;
				GCC_WARN_ABOUT_RETURN_TYPE = YES_ERROR;
				GCC_WARN_UNDECLARED_SELECTOR = YES;
				GCC_WARN_UNINITIALIZED_AUTOS = YES_AGGRESSIVE;
				GCC_WARN_UNUSED_FUNCTION = YES;
				GCC_WARN_UNUSED_VARIABLE = YES;
				INFOPLIST_KEY_UILaunchScreen_Generation = YES;
				IPHONEOS_DEPLOYMENT_TARGET = 17.4;
				LOCALIZATION_PREFERS_STRING_CATALOGS = YES;
				MTL_ENABLE_DEBUG_INFO = INCLUDE_SOURCE;
				MTL_FAST_MATH = YES;
				ONLY_ACTIVE_ARCH = YES;
				SDKROOT = iphoneos;
				SWIFT_ACTIVE_COMPILATION_CONDITIONS = "DEBUG $(inherited)";
				SWIFT_OPTIMIZATION_LEVEL = "-Onone";
			};
			name = Debug;
		};
		830ABDBE2BCD549E00FDF5F0 /* Release */ = {
			isa = XCBuildConfiguration;
			buildSettings = {
				ALWAYS_SEARCH_USER_PATHS = NO;
				ASSETCATALOG_COMPILER_GENERATE_SWIFT_ASSET_SYMBOL_EXTENSIONS = YES;
				CLANG_ANALYZER_NONNULL = YES;
				CLANG_ANALYZER_NUMBER_OBJECT_CONVERSION = YES_AGGRESSIVE;
				CLANG_CXX_LANGUAGE_STANDARD = "gnu++20";
				CLANG_ENABLE_MODULES = YES;
				CLANG_ENABLE_OBJC_ARC = YES;
				CLANG_ENABLE_OBJC_WEAK = YES;
				CLANG_WARN_BLOCK_CAPTURE_AUTORELEASING = YES;
				CLANG_WARN_BOOL_CONVERSION = YES;
				CLANG_WARN_COMMA = YES;
				CLANG_WARN_CONSTANT_CONVERSION = YES;
				CLANG_WARN_DEPRECATED_OBJC_IMPLEMENTATIONS = YES;
				CLANG_WARN_DIRECT_OBJC_ISA_USAGE = YES_ERROR;
				CLANG_WARN_DOCUMENTATION_COMMENTS = YES;
				CLANG_WARN_EMPTY_BODY = YES;
				CLANG_WARN_ENUM_CONVERSION = YES;
				CLANG_WARN_INFINITE_RECURSION = YES;
				CLANG_WARN_INT_CONVERSION = YES;
				CLANG_WARN_NON_LITERAL_NULL_CONVERSION = YES;
				CLANG_WARN_OBJC_IMPLICIT_RETAIN_SELF = YES;
				CLANG_WARN_OBJC_LITERAL_CONVERSION = YES;
				CLANG_WARN_OBJC_ROOT_CLASS = YES_ERROR;
				CLANG_WARN_QUOTED_INCLUDE_IN_FRAMEWORK_HEADER = YES;
				CLANG_WARN_RANGE_LOOP_ANALYSIS = YES;
				CLANG_WARN_STRICT_PROTOTYPES = YES;
				CLANG_WARN_SUSPICIOUS_MOVE = YES;
				CLANG_WARN_UNGUARDED_AVAILABILITY = YES_AGGRESSIVE;
				CLANG_WARN_UNREACHABLE_CODE = YES;
				CLANG_WARN__DUPLICATE_METHOD_MATCH = YES;
				COPY_PHASE_STRIP = NO;
				DEBUG_INFORMATION_FORMAT = "dwarf-with-dsym";
				ENABLE_NS_ASSERTIONS = NO;
				ENABLE_STRICT_OBJC_MSGSEND = YES;
				ENABLE_USER_SCRIPT_SANDBOXING = YES;
				GCC_C_LANGUAGE_STANDARD = gnu17;
				GCC_NO_COMMON_BLOCKS = YES;
				GCC_WARN_64_TO_32_BIT_CONVERSION = YES;
				GCC_WARN_ABOUT_RETURN_TYPE = YES_ERROR;
				GCC_WARN_UNDECLARED_SELECTOR = YES;
				GCC_WARN_UNINITIALIZED_AUTOS = YES_AGGRESSIVE;
				GCC_WARN_UNUSED_FUNCTION = YES;
				GCC_WARN_UNUSED_VARIABLE = YES;
				INFOPLIST_KEY_UILaunchScreen_Generation = YES;
				IPHONEOS_DEPLOYMENT_TARGET = 17.4;
				LOCALIZATION_PREFERS_STRING_CATALOGS = YES;
				MTL_ENABLE_DEBUG_INFO = NO;
				MTL_FAST_MATH = YES;
				SDKROOT = iphoneos;
				SWIFT_COMPILATION_MODE = wholemodule;
				VALIDATE_PRODUCT = YES;
			};
			name = Release;
		};
		830ABDC02BCD549E00FDF5F0 /* Debug */ = {
			isa = XCBuildConfiguration;
			buildSettings = {
				ASSETCATALOG_COMPILER_APPICON_NAME = AppIcon;
				ASSETCATALOG_COMPILER_GLOBAL_ACCENT_COLOR_NAME = AccentColor;
				CODE_SIGN_STYLE = Automatic;
				CURRENT_PROJECT_VERSION = 1;
				DEVELOPMENT_ASSET_PATHS = "\"Musem/Preview Content\"";
				DEVELOPMENT_TEAM = P93C57627A;
				ENABLE_PREVIEWS = YES;
				GENERATE_INFOPLIST_FILE = YES;
				INFOPLIST_FILE = Musem/Info.plist;
				INFOPLIST_KEY_UIApplicationSceneManifest_Generation = YES;
				INFOPLIST_KEY_UIApplicationSupportsIndirectInputEvents = YES;
				INFOPLIST_KEY_UILaunchScreen_Generation = YES;
				INFOPLIST_KEY_UIStatusBarStyle = UIStatusBarStyleDarkContent;
				INFOPLIST_KEY_UISupportedInterfaceOrientations = UIInterfaceOrientationPortrait;
				INFOPLIST_KEY_UISupportedInterfaceOrientations_iPad = "UIInterfaceOrientationLandscapeLeft UIInterfaceOrientationLandscapeRight UIInterfaceOrientationPortrait UIInterfaceOrientationPortraitUpsideDown";
				IPHONEOS_DEPLOYMENT_TARGET = 17.2;
				LD_RUNPATH_SEARCH_PATHS = (
					"$(inherited)",
					"@executable_path/Frameworks",
				);
				MARKETING_VERSION = 1.0;
				PRODUCT_BUNDLE_IDENTIFIER = com.academy.Musem;
				PRODUCT_NAME = "$(TARGET_NAME)";
				SWIFT_EMIT_LOC_STRINGS = YES;
				SWIFT_VERSION = 5.0;
				TARGETED_DEVICE_FAMILY = "1,2";
			};
			name = Debug;
		};
		830ABDC12BCD549E00FDF5F0 /* Release */ = {
			isa = XCBuildConfiguration;
			buildSettings = {
				ASSETCATALOG_COMPILER_APPICON_NAME = AppIcon;
				ASSETCATALOG_COMPILER_GLOBAL_ACCENT_COLOR_NAME = AccentColor;
				CODE_SIGN_STYLE = Automatic;
				CURRENT_PROJECT_VERSION = 1;
				DEVELOPMENT_ASSET_PATHS = "\"Musem/Preview Content\"";
				DEVELOPMENT_TEAM = P93C57627A;
				ENABLE_PREVIEWS = YES;
				GENERATE_INFOPLIST_FILE = YES;
				INFOPLIST_FILE = Musem/Info.plist;
				INFOPLIST_KEY_UIApplicationSceneManifest_Generation = YES;
				INFOPLIST_KEY_UIApplicationSupportsIndirectInputEvents = YES;
				INFOPLIST_KEY_UILaunchScreen_Generation = YES;
				INFOPLIST_KEY_UIStatusBarStyle = UIStatusBarStyleDarkContent;
				INFOPLIST_KEY_UISupportedInterfaceOrientations = UIInterfaceOrientationPortrait;
				INFOPLIST_KEY_UISupportedInterfaceOrientations_iPad = "UIInterfaceOrientationLandscapeLeft UIInterfaceOrientationLandscapeRight UIInterfaceOrientationPortrait UIInterfaceOrientationPortraitUpsideDown";
				IPHONEOS_DEPLOYMENT_TARGET = 17.2;
				LD_RUNPATH_SEARCH_PATHS = (
					"$(inherited)",
					"@executable_path/Frameworks",
				);
				MARKETING_VERSION = 1.0;
				PRODUCT_BUNDLE_IDENTIFIER = com.academy.Musem;
				PRODUCT_NAME = "$(TARGET_NAME)";
				SWIFT_EMIT_LOC_STRINGS = YES;
				SWIFT_VERSION = 5.0;
				TARGETED_DEVICE_FAMILY = "1,2";
			};
			name = Release;
		};
/* End XCBuildConfiguration section */

/* Begin XCConfigurationList section */
		830ABDAC2BCD549900FDF5F0 /* Build configuration list for PBXProject "Musem" */ = {
			isa = XCConfigurationList;
			buildConfigurations = (
				830ABDBD2BCD549E00FDF5F0 /* Debug */,
				830ABDBE2BCD549E00FDF5F0 /* Release */,
			);
			defaultConfigurationIsVisible = 0;
			defaultConfigurationName = Release;
		};
		830ABDBF2BCD549E00FDF5F0 /* Build configuration list for PBXNativeTarget "Musem" */ = {
			isa = XCConfigurationList;
			buildConfigurations = (
				830ABDC02BCD549E00FDF5F0 /* Debug */,
				830ABDC12BCD549E00FDF5F0 /* Release */,
			);
			defaultConfigurationIsVisible = 0;
			defaultConfigurationName = Release;
		};
/* End XCConfigurationList section */

/* Begin XCRemoteSwiftPackageReference section */
		247074F42BD59EE8008B0C37 /* XCRemoteSwiftPackageReference "firebase-ios-sdk" */ = {
			isa = XCRemoteSwiftPackageReference;
			repositoryURL = "https://github.com/firebase/firebase-ios-sdk.git";
			requirement = {
				kind = upToNextMajorVersion;
				minimumVersion = 10.24.0;
			};
		};
/* End XCRemoteSwiftPackageReference section */

/* Begin XCSwiftPackageProductDependency section */
		24907F212C139A56002B72B1 /* FirebaseAnalytics */ = {
			isa = XCSwiftPackageProductDependency;
			package = 247074F42BD59EE8008B0C37 /* XCRemoteSwiftPackageReference "firebase-ios-sdk" */;
			productName = FirebaseAnalytics;
		};
		24907F232C139A56002B72B1 /* FirebaseAnalyticsOnDeviceConversion */ = {
			isa = XCSwiftPackageProductDependency;
			package = 247074F42BD59EE8008B0C37 /* XCRemoteSwiftPackageReference "firebase-ios-sdk" */;
			productName = FirebaseAnalyticsOnDeviceConversion;
		};
		24907F252C139A56002B72B1 /* FirebaseAnalyticsSwift */ = {
			isa = XCSwiftPackageProductDependency;
			package = 247074F42BD59EE8008B0C37 /* XCRemoteSwiftPackageReference "firebase-ios-sdk" */;
			productName = FirebaseAnalyticsSwift;
		};
		24907F272C139A56002B72B1 /* FirebaseAnalyticsWithoutAdIdSupport */ = {
			isa = XCSwiftPackageProductDependency;
			package = 247074F42BD59EE8008B0C37 /* XCRemoteSwiftPackageReference "firebase-ios-sdk" */;
			productName = FirebaseAnalyticsWithoutAdIdSupport;
		};
		24907F292C139A56002B72B1 /* FirebaseAppCheck */ = {
			isa = XCSwiftPackageProductDependency;
			package = 247074F42BD59EE8008B0C37 /* XCRemoteSwiftPackageReference "firebase-ios-sdk" */;
			productName = FirebaseAppCheck;
		};
		24907F2B2C139A56002B72B1 /* FirebaseAppDistribution-Beta */ = {
			isa = XCSwiftPackageProductDependency;
			package = 247074F42BD59EE8008B0C37 /* XCRemoteSwiftPackageReference "firebase-ios-sdk" */;
			productName = "FirebaseAppDistribution-Beta";
		};
		24907F2D2C139A56002B72B1 /* FirebaseAuth */ = {
			isa = XCSwiftPackageProductDependency;
			package = 247074F42BD59EE8008B0C37 /* XCRemoteSwiftPackageReference "firebase-ios-sdk" */;
			productName = FirebaseAuth;
		};
		24907F2F2C139A56002B72B1 /* FirebaseAuthCombine-Community */ = {
			isa = XCSwiftPackageProductDependency;
			package = 247074F42BD59EE8008B0C37 /* XCRemoteSwiftPackageReference "firebase-ios-sdk" */;
			productName = "FirebaseAuthCombine-Community";
		};
		24907F312C139A56002B72B1 /* FirebaseCrashlytics */ = {
			isa = XCSwiftPackageProductDependency;
			package = 247074F42BD59EE8008B0C37 /* XCRemoteSwiftPackageReference "firebase-ios-sdk" */;
			productName = FirebaseCrashlytics;
		};
		24907F332C139A56002B72B1 /* FirebaseDatabase */ = {
			isa = XCSwiftPackageProductDependency;
			package = 247074F42BD59EE8008B0C37 /* XCRemoteSwiftPackageReference "firebase-ios-sdk" */;
			productName = FirebaseDatabase;
		};
		24907F352C139A56002B72B1 /* FirebaseDatabaseSwift */ = {
			isa = XCSwiftPackageProductDependency;
			package = 247074F42BD59EE8008B0C37 /* XCRemoteSwiftPackageReference "firebase-ios-sdk" */;
			productName = FirebaseDatabaseSwift;
		};
		24907F372C139A56002B72B1 /* FirebaseDynamicLinks */ = {
			isa = XCSwiftPackageProductDependency;
			package = 247074F42BD59EE8008B0C37 /* XCRemoteSwiftPackageReference "firebase-ios-sdk" */;
			productName = FirebaseDynamicLinks;
		};
		24907F392C139A56002B72B1 /* FirebaseFirestore */ = {
			isa = XCSwiftPackageProductDependency;
			package = 247074F42BD59EE8008B0C37 /* XCRemoteSwiftPackageReference "firebase-ios-sdk" */;
			productName = FirebaseFirestore;
		};
		24907F3B2C139A56002B72B1 /* FirebaseFirestoreCombine-Community */ = {
			isa = XCSwiftPackageProductDependency;
			package = 247074F42BD59EE8008B0C37 /* XCRemoteSwiftPackageReference "firebase-ios-sdk" */;
			productName = "FirebaseFirestoreCombine-Community";
		};
		24907F3D2C139A56002B72B1 /* FirebaseFirestoreSwift */ = {
			isa = XCSwiftPackageProductDependency;
			package = 247074F42BD59EE8008B0C37 /* XCRemoteSwiftPackageReference "firebase-ios-sdk" */;
			productName = FirebaseFirestoreSwift;
		};
		24907F3F2C139A56002B72B1 /* FirebaseFunctions */ = {
			isa = XCSwiftPackageProductDependency;
			package = 247074F42BD59EE8008B0C37 /* XCRemoteSwiftPackageReference "firebase-ios-sdk" */;
			productName = FirebaseFunctions;
		};
		24907F412C139A56002B72B1 /* FirebaseFunctionsCombine-Community */ = {
			isa = XCSwiftPackageProductDependency;
			package = 247074F42BD59EE8008B0C37 /* XCRemoteSwiftPackageReference "firebase-ios-sdk" */;
			productName = "FirebaseFunctionsCombine-Community";
		};
		24907F432C139A56002B72B1 /* FirebaseInAppMessaging-Beta */ = {
			isa = XCSwiftPackageProductDependency;
			package = 247074F42BD59EE8008B0C37 /* XCRemoteSwiftPackageReference "firebase-ios-sdk" */;
			productName = "FirebaseInAppMessaging-Beta";
		};
		24907F452C139A56002B72B1 /* FirebaseInAppMessagingSwift-Beta */ = {
			isa = XCSwiftPackageProductDependency;
			package = 247074F42BD59EE8008B0C37 /* XCRemoteSwiftPackageReference "firebase-ios-sdk" */;
			productName = "FirebaseInAppMessagingSwift-Beta";
		};
		24907F472C139A56002B72B1 /* FirebaseInstallations */ = {
			isa = XCSwiftPackageProductDependency;
			package = 247074F42BD59EE8008B0C37 /* XCRemoteSwiftPackageReference "firebase-ios-sdk" */;
			productName = FirebaseInstallations;
		};
		24907F492C139A56002B72B1 /* FirebaseMLModelDownloader */ = {
			isa = XCSwiftPackageProductDependency;
			package = 247074F42BD59EE8008B0C37 /* XCRemoteSwiftPackageReference "firebase-ios-sdk" */;
			productName = FirebaseMLModelDownloader;
		};
		24907F4B2C139A56002B72B1 /* FirebaseMessaging */ = {
			isa = XCSwiftPackageProductDependency;
			package = 247074F42BD59EE8008B0C37 /* XCRemoteSwiftPackageReference "firebase-ios-sdk" */;
			productName = FirebaseMessaging;
		};
		24907F4D2C139A56002B72B1 /* FirebasePerformance */ = {
			isa = XCSwiftPackageProductDependency;
			package = 247074F42BD59EE8008B0C37 /* XCRemoteSwiftPackageReference "firebase-ios-sdk" */;
			productName = FirebasePerformance;
		};
		24907F4F2C139A56002B72B1 /* FirebaseRemoteConfig */ = {
			isa = XCSwiftPackageProductDependency;
			package = 247074F42BD59EE8008B0C37 /* XCRemoteSwiftPackageReference "firebase-ios-sdk" */;
			productName = FirebaseRemoteConfig;
		};
		24907F512C139A56002B72B1 /* FirebaseRemoteConfigSwift */ = {
			isa = XCSwiftPackageProductDependency;
			package = 247074F42BD59EE8008B0C37 /* XCRemoteSwiftPackageReference "firebase-ios-sdk" */;
			productName = FirebaseRemoteConfigSwift;
		};
		24907F532C139A56002B72B1 /* FirebaseStorage */ = {
			isa = XCSwiftPackageProductDependency;
			package = 247074F42BD59EE8008B0C37 /* XCRemoteSwiftPackageReference "firebase-ios-sdk" */;
			productName = FirebaseStorage;
		};
		24907F552C139A56002B72B1 /* FirebaseStorageCombine-Community */ = {
			isa = XCSwiftPackageProductDependency;
			package = 247074F42BD59EE8008B0C37 /* XCRemoteSwiftPackageReference "firebase-ios-sdk" */;
			productName = "FirebaseStorageCombine-Community";
		};
/* End XCSwiftPackageProductDependency section */
	};
	rootObject = 830ABDA92BCD549900FDF5F0 /* Project object */;
}
